
Microsoft Visual Studio Solution File, Format Version 12.00
# Visual Studio Version 17
VisualStudioVersion = 17.3.32811.315
MinimumVisualStudioVersion = 10.0.40219.1
Project("{9A19103F-16F7-4668-BE54-9A1E7A4F7556}") = "ThatCore", "ThatCore\ThatCore.csproj", "{6C634D99-3D29-4DF9-B585-FB3117910742}"
EndProject
Project("{2150E333-8FDC-42A3-9474-1A3956D46DE8}") = "Solution Items", "Solution Items", "{5D47AA36-6D71-47B0-89BA-6932A76FE919}"
	ProjectSection(SolutionItems) = preProject
		.editorconfig = .editorconfig
		Directory.Build.props = Directory.Build.props
	EndProjectSection
EndProject
Project("{9A19103F-16F7-4668-BE54-9A1E7A4F7556}") = "ThatCore.Tests", "ThatCore.Tests\ThatCore.Tests.csproj", "{81820F27-AA97-45BD-A60A-9B42EEC2CD80}"
EndProject
Project("{9A19103F-16F7-4668-BE54-9A1E7A4F7556}") = "ThatCore.Shared", "ThatCore.Shared\ThatCore.Shared.csproj", "{34A6046F-4280-408C-B7F4-0F8001D0709B}"
EndProject
Project("{FAE04EC0-301F-11D3-BF4B-00C04F79EFBC}") = "ThatCore.Valheim", "ThatCore.Valheim\ThatCore.Valheim.csproj", "{70319A04-82BC-4DE6-B927-56E05AD26052}"
EndProject
Global
	GlobalSection(SolutionConfigurationPlatforms) = preSolution
		Debug|Any CPU = Debug|Any CPU
		Release|Any CPU = Release|Any CPU
	EndGlobalSection
	GlobalSection(ProjectConfigurationPlatforms) = postSolution
		{6C634D99-3D29-4DF9-B585-FB3117910742}.Debug|Any CPU.ActiveCfg = Debug|Any CPU
		{6C634D99-3D29-4DF9-B585-FB3117910742}.Debug|Any CPU.Build.0 = Debug|Any CPU
		{6C634D99-3D29-4DF9-B585-FB3117910742}.Release|Any CPU.ActiveCfg = Release|Any CPU
		{6C634D99-3D29-4DF9-B585-FB3117910742}.Release|Any CPU.Build.0 = Release|Any CPU
		{81820F27-AA97-45BD-A60A-9B42EEC2CD80}.Debug|Any CPU.ActiveCfg = Debug|Any CPU
		{81820F27-AA97-45BD-A60A-9B42EEC2CD80}.Debug|Any CPU.Build.0 = Debug|Any CPU
		{81820F27-AA97-45BD-A60A-9B42EEC2CD80}.Release|Any CPU.ActiveCfg = Release|Any CPU
		{81820F27-AA97-45BD-A60A-9B42EEC2CD80}.Release|Any CPU.Build.0 = Release|Any CPU
		{34A6046F-4280-408C-B7F4-0F8001D0709B}.Debug|Any CPU.ActiveCfg = Debug|Any CPU
		{34A6046F-4280-408C-B7F4-0F8001D0709B}.Debug|Any CPU.Build.0 = Debug|Any CPU
		{34A6046F-4280-408C-B7F4-0F8001D0709B}.Release|Any CPU.ActiveCfg = Release|Any CPU
		{34A6046F-4280-408C-B7F4-0F8001D0709B}.Release|Any CPU.Build.0 = Release|Any CPU
		{70319A04-82BC-4DE6-B927-56E05AD26052}.Debug|Any CPU.ActiveCfg = Debug|Any CPU
		{70319A04-82BC-4DE6-B927-56E05AD26052}.Debug|Any CPU.Build.0 = Debug|Any CPU
		{70319A04-82BC-4DE6-B927-56E05AD26052}.Release|Any CPU.ActiveCfg = Release|Any CPU
		{70319A04-82BC-4DE6-B927-56E05AD26052}.Release|Any CPU.Build.0 = Release|Any CPU
	EndGlobalSection
	GlobalSection(SolutionProperties) = preSolution
		HideSolutionNode = FALSE
	EndGlobalSection
	GlobalSection(ExtensibilityGlobals) = postSolution
		SolutionGuid = {A18C7A43-9B4F-486A-8FD7-5D516355BC8C}
	EndGlobalSection
EndGlobal
